
Microsoft Visual Studio Solution File, Format Version 12.00
# Visual Studio Version 16
VisualStudioVersion = 16.0.30717.126
MinimumVisualStudioVersion = 10.0.40219.1
Project("{9A19103F-16F7-4668-BE54-9A1E7A4F7556}") = "Git-CI-Tools", "Git-CI-Tools\Git-CI-Tools.csproj", "{991FC8D4-A836-48C5-9486-0BA803E03D9C}"
EndProject
Project("{2150E333-8FDC-42A3-9474-1A3956D46DE8}") = "Solution Items", "Solution Items", "{CC945C2D-FE4A-4BE3-ABB5-8BCC6A2679D8}"
	ProjectSection(SolutionItems) = preProject
		.editorconfig = .editorconfig
		.gitlab-ci.yml = .gitlab-ci.yml
		README.md = README.md
	EndProjectSection
EndProject
Global
	GlobalSection(SolutionConfigurationPlatforms) = preSolution
		Debug|Any CPU = Debug|Any CPU
		Release|Any CPU = Release|Any CPU
	EndGlobalSection
	GlobalSection(ProjectConfigurationPlatforms) = postSolution
		{991FC8D4-A836-48C5-9486-0BA803E03D9C}.Debug|Any CPU.ActiveCfg = Debug|Any CPU
		{991FC8D4-A836-48C5-9486-0BA803E03D9C}.Debug|Any CPU.Build.0 = Debug|Any CPU
		{991FC8D4-A836-48C5-9486-0BA803E03D9C}.Release|Any CPU.ActiveCfg = Release|Any CPU
		{991FC8D4-A836-48C5-9486-0BA803E03D9C}.Release|Any CPU.Build.0 = Release|Any CPU
	EndGlobalSection
	GlobalSection(SolutionProperties) = preSolution
		HideSolutionNode = FALSE
	EndGlobalSection
	GlobalSection(ExtensibilityGlobals) = postSolution
		SolutionGuid = {7353E52F-A904-46B3-AB74-9D6F159F5727}
	EndGlobalSection
EndGlobal
